
Microsoft Visual Studio Solution File, Format Version 12.00
# Visual Studio Version 16
VisualStudioVersion = 16.0.29025.244
MinimumVisualStudioVersion = 10.0.40219.1
Project("{FAE04EC0-301F-11D3-BF4B-00C04F79EFBC}") = "IctBaden.Scripting.48", "IctBaden.Scripting.48\IctBaden.Scripting.48.csproj", "{F8124A24-A109-4238-B2B0-14DBE86BCC06}"
EndProject
Project("{FAE04EC0-301F-11D3-BF4B-00C04F79EFBC}") = "IctBaden.Framework.48", "..\Source\Framework\dotNET\IctBaden.Framework\IctBaden.Framework.48.csproj", "{EBBF91A0-28BB-4E70-ACCB-A8351A657D21}"
EndProject
Global
	GlobalSection(SolutionConfigurationPlatforms) = preSolution
		Debug|Any CPU = Debug|Any CPU
		Release|Any CPU = Release|Any CPU
	EndGlobalSection
	GlobalSection(ProjectConfigurationPlatforms) = postSolution
		{F8124A24-A109-4238-B2B0-14DBE86BCC06}.Debug|Any CPU.ActiveCfg = Debug|Any CPU
		{F8124A24-A109-4238-B2B0-14DBE86BCC06}.Debug|Any CPU.Build.0 = Debug|Any CPU
		{F8124A24-A109-4238-B2B0-14DBE86BCC06}.Release|Any CPU.ActiveCfg = Release|Any CPU
		{F8124A24-A109-4238-B2B0-14DBE86BCC06}.Release|Any CPU.Build.0 = Release|Any CPU
		{EBBF91A0-28BB-4E70-ACCB-A8351A657D21}.Debug|Any CPU.ActiveCfg = Debug|Any CPU
		{EBBF91A0-28BB-4E70-ACCB-A8351A657D21}.Debug|Any CPU.Build.0 = Debug|Any CPU
		{EBBF91A0-28BB-4E70-ACCB-A8351A657D21}.Release|Any CPU.ActiveCfg = Release|Any CPU
		{EBBF91A0-28BB-4E70-ACCB-A8351A657D21}.Release|Any CPU.Build.0 = Release|Any CPU
	EndGlobalSection
	GlobalSection(SolutionProperties) = preSolution
		HideSolutionNode = FALSE
	EndGlobalSection
	GlobalSection(ExtensibilityGlobals) = postSolution
		SolutionGuid = {A329DE65-3FD4-4D46-AED9-CA673AC33C7A}
	EndGlobalSection
EndGlobal
